
Microsoft Visual Studio Solution File, Format Version 12.00
# Visual Studio Version 16
VisualStudioVersion = 16.0.29009.5
MinimumVisualStudioVersion = 10.0.40219.1
Project("{FAE04EC0-301F-11D3-BF4B-00C04F79EFBC}") = "ReactApp3", "ReactApp3\ReactApp3.csproj", "{5B1B318E-B32A-49BC-85D4-A46DE0EE8B78}"
EndProject
Global
	GlobalSection(SolutionConfigurationPlatforms) = preSolution
		Debug|Any CPU = Debug|Any CPU
		Release|Any CPU = Release|Any CPU
	EndGlobalSection
	GlobalSection(ProjectConfigurationPlatforms) = postSolution
		{5B1B318E-B32A-49BC-85D4-A46DE0EE8B78}.Debug|Any CPU.ActiveCfg = Debug|Any CPU
		{5B1B318E-B32A-49BC-85D4-A46DE0EE8B78}.Debug|Any CPU.Build.0 = Debug|Any CPU
		{5B1B318E-B32A-49BC-85D4-A46DE0EE8B78}.Release|Any CPU.ActiveCfg = Release|Any CPU
		{5B1B318E-B32A-49BC-85D4-A46DE0EE8B78}.Release|Any CPU.Build.0 = Release|Any CPU
	EndGlobalSection
	GlobalSection(SolutionProperties) = preSolution
		HideSolutionNode = FALSE
	EndGlobalSection
	GlobalSection(ExtensibilityGlobals) = postSolution
		SolutionGuid = {386F992F-A3A0-481B-A12B-114FDC780C76}
	EndGlobalSection
EndGlobal
